<?xml version="1.0" encoding="utf-8"?>
<Project ToolsVersion="4.0" xmlns="http://schemas.microsoft.com/developer/msbuild/2003">
  <ItemGroup>
    <Filter Include="Source Files">
      <UniqueIdentifier>{2e82b91e-4308-406a-bceb-bbf26ed9a4ec}</UniqueIdentifier>
      <Extensions>cpp;c;cxx;rc;def;r;odl;idl;hpj;bat</Extensions>
    </Filter>
    <Filter Include="Header Files">
      <UniqueIdentifier>{b7576b97-446c-471d-8e15-126df5156802}</UniqueIdentifier>
      <Extensions>h;hpp;hxx;hm;inl</Extensions>
    </Filter>
  </ItemGroup>
  <ItemGroup>
    <ClCompile Include="sqapi.cpp">
      <Filter>Source Files</Filter>
    </ClCompile>
    <ClCompile Include="sqbaselib.cpp">
      <Filter>Source Files</Filter>
    </ClCompile>
    <ClCompile Include="sqcompiler.cpp">
      <Filter>Source Files</Filter>
    </ClCompile>
    <ClCompile Include="sqdebug.cpp">
      <Filter>Source Files</Filter>
    </ClCompile>
    <ClCompile Include="sqfuncstate.cpp">
      <Filter>Source Files</Filter>
    </ClCompile>
    <ClCompile Include="sqlexer.cpp">
      <Filter>Source Files</Filter>
    </ClCompile>
    <ClCompile Include="sqmem.cpp">
      <Filter>Source Files</Filter>
    </ClCompile>
    <ClCompile Include="sqobject.cpp">
      <Filter>Source Files</Filter>
    </ClCompile>
    <ClCompile Include="sqstate.cpp">
      <Filter>Source Files</Filter>
    </ClCompile>
    <ClCompile Include="sqtable.cpp">
      <Filter>Source Files</Filter>
    </ClCompile>
    <ClCompile Include="sqclass.cpp">
      <Filter>Source Files</Filter>
    </ClCompile>
    <ClCompile Include="sqvm.cpp">
      <Filter>Source Files</Filter>
    </ClCompile>
    <ClCompile Include="sqstdaux.cpp">
      <Filter>Source Files</Filter>
    </ClCompile>
    <ClCompile Include="sqstdblob.cpp">
      <Filter>Source Files</Filter>
    </ClCompile>
    <ClCompile Include="sqstdio.cpp">
      <Filter>Source Files</Filter>
    </ClCompile>
    <ClCompile Include="sqstdmath.cpp">
      <Filter>Source Files</Filter>
    </ClCompile>
    <ClCompile Include="sqstdrex.cpp">
      <Filter>Source Files</Filter>
    </ClCompile>
    <ClCompile Include="sqstdstream.cpp">
      <Filter>Source Files</Filter>
    </ClCompile>
    <ClCompile Include="sqstdstring.cpp">
      <Filter>Source Files</Filter>
    </ClCompile>
    <ClCompile Include="sqstdsystem.cpp">
      <Filter>Source Files</Filter>
    </ClCompile>
  </ItemGroup>
  <ItemGroup>
    <ClInclude Include="sqarray.h">
      <Filter>Header Files</Filter>
    </ClInclude>
    <ClInclude Include="sqclosure.h">
      <Filter>Header Files</Filter>
    </ClInclude>
    <ClInclude Include="sqcompiler.h">
      <Filter>Header Files</Filter>
    </ClInclude>
    <ClInclude Include="sqfuncproto.h">
      <Filter>Header Files</Filter>
    </ClInclude>
    <ClInclude Include="sqfuncstate.h">
      <Filter>Header Files</Filter>
    </ClInclude>
    <ClInclude Include="sqlexer.h">
      <Filter>Header Files</Filter>
    </ClInclude>
    <ClInclude Include="sqobject.h">
      <Filter>Header Files</Filter>
    </ClInclude>
    <ClInclude Include="sqopcodes.h">
      <Filter>Header Files</Filter>
    </ClInclude>
    <ClInclude Include="sqpcheader.h">
      <Filter>Header Files</Filter>
    </ClInclude>
    <ClInclude Include="sqstate.h">
      <Filter>Header Files</Filter>
    </ClInclude>
    <ClInclude Include="sqstring.h">
      <Filter>Header Files</Filter>
    </ClInclude>
    <ClInclude Include="sqtable.h">
      <Filter>Header Files</Filter>
    </ClInclude>
    <ClInclude Include="squserdata.h">
      <Filter>Header Files</Filter>
    </ClInclude>
    <ClInclude Include="squtils.h">
      <Filter>Header Files</Filter>
    </ClInclude>
    <ClInclude Include="sqclass.h">
      <Filter>Header Files</Filter>
    </ClInclude>
    <ClInclude Include="sqvm.h">
      <Filter>Header Files</Filter>
    </ClInclude>
    <ClInclude Include="sqstdstream.h">
      <Filter>Header Files</Filter>
    </ClInclude>
    <ClInclude Include="sqstdblobimpl.h">
      <Filter>Header Files</Filter>
    </ClInclude>
    <ClInclude Include="..\include\sqstdsystem.h">
      <Filter>Header Files</Filter>
    </ClInclude>
    <ClInclude Include="..\include\squirrel.h">
      <Filter>Header Files</Filter>
    </ClInclude>
    <ClInclude Include="..\include\sqconfig.h">
      <Filter>Header Files</Filter>
    </ClInclude>
    <ClInclude Include="..\include\sqstdaux.h">
      <Filter>Header Files</Filter>
    </ClInclude>
    <ClInclude Include="..\include\sqstdblob.h">
      <Filter>Header Files</Filter>
    </ClInclude>
    <ClInclude Include="..\include\sqstdio.h">
      <Filter>Header Files</Filter>
    </ClInclude>
    <ClInclude Include="..\include\sqstdmath.h">
      <Filter>Header Files</Filter>
    </ClInclude>
    <ClInclude Include="..\include\sqstdstring.h">
      <Filter>Header Files</Filter>
    </ClInclude>
  </ItemGroup>
</Project>